
Microsoft Visual Studio Solution File, Format Version 12.00
Project("{FAE04EC0-301F-11D3-BF4B-00C04F79EFBC}") = "SessionMapper", "SessionMapper\SessionMapper.csproj", "{8DDA703A-B836-4D62-8A37-48B5C8B30801}"
EndProject
Global
	GlobalSection(SolutionConfigurationPlatforms) = preSolution
		Debug|Any CPU = Debug|Any CPU
		Release|Any CPU = Release|Any CPU
	EndGlobalSection
	GlobalSection(ProjectConfigurationPlatforms) = postSolution
		{8DDA703A-B836-4D62-8A37-48B5C8B30801}.Debug|Any CPU.ActiveCfg = Debug|Any CPU
		{8DDA703A-B836-4D62-8A37-48B5C8B30801}.Debug|Any CPU.Build.0 = Debug|Any CPU
		{8DDA703A-B836-4D62-8A37-48B5C8B30801}.Release|Any CPU.ActiveCfg = Release|Any CPU
		{8DDA703A-B836-4D62-8A37-48B5C8B30801}.Release|Any CPU.Build.0 = Release|Any CPU
	EndGlobalSection
EndGlobal
